{
  "name": "arcgis-hub-subscribe",
  "version": "0.0.1",
  "lockfileVersion": 2,
  "requires": true,
  "packages": {
    "": {
      "name": "arcgis-hub-subscribe",
      "version": "0.0.1",
      "license": "Apache-2.0",
      "dependencies": {
        "@stencil/core": "^2.13.0",
        "@types/node": "^18.14.0"
      },
      "devDependencies": {
        "@esri/calcite-components": "^2.8.0",
        "@stencil/sass": "^2.0.0",
        "@stencil/store": "^2.0.1"
      }
    },
    "node_modules/@esri/calcite-components": {
      "version": "2.8.0",
      "resolved": "https://registry.npmjs.org/@esri/calcite-components/-/calcite-components-2.8.0.tgz",
      "integrity": "sha512-lGb+aTnJx7cY98WdOOLdX6zacCwInOHmZ4bibKbuhWpvNa+ZvwzJL7D3ldsc10ENsWCGfGG9IcHPNU3qWkWjWQ==",
      "dev": true,
      "dependencies": {
        "@floating-ui/dom": "1.6.3",
        "@stencil/core": "4.17.1",
        "@types/color": "3.0.6",
        "color": "4.2.3",
        "composed-offset-position": "0.0.4",
        "dayjs": "1.11.10",
        "focus-trap": "7.5.4",
        "lodash-es": "4.17.21",
        "sortablejs": "1.15.1",
        "timezone-groups": "0.8.0"
      }
    },
    "node_modules/@esri/calcite-components/node_modules/@stencil/core": {
      "version": "4.17.1",
      "resolved": "https://registry.npmjs.org/@stencil/core/-/core-4.17.1.tgz",
      "integrity": "sha512-nlARe1QtK5abnCG8kPQKJMWiELg39vKabvf3ebm6YEhQA35CgrxC1pVYTsYq3yktJKoY+k+VzGRnATLKyaLbvA==",
      "dev": true,
      "bin": {
        "stencil": "bin/stencil"
      },
      "engines": {
        "node": ">=16.0.0",
        "npm": ">=7.10.0"
      }
    },
    "node_modules/@floating-ui/core": {
      "version": "1.6.1",
      "resolved": "https://registry.npmjs.org/@floating-ui/core/-/core-1.6.1.tgz",
      "integrity": "sha512-42UH54oPZHPdRHdw6BgoBD6cg/eVTmVrFcgeRDM3jbO7uxSoipVcmcIGFcA5jmOHO5apcyvBhkSKES3fQJnu7A==",
      "dev": true,
      "dependencies": {
        "@floating-ui/utils": "^0.2.0"
      }
    },
    "node_modules/@floating-ui/dom": {
      "version": "1.6.3",
      "resolved": "https://registry.npmjs.org/@floating-ui/dom/-/dom-1.6.3.tgz",
      "integrity": "sha512-RnDthu3mzPlQ31Ss/BTwQ1zjzIhr3lk1gZB1OC56h/1vEtaXkESrOqL5fQVMfXpwGtRwX+YsZBdyHtJMQnkArw==",
      "dev": true,
      "dependencies": {
        "@floating-ui/core": "^1.0.0",
        "@floating-ui/utils": "^0.2.0"
      }
    },
    "node_modules/@floating-ui/utils": {
      "version": "0.2.2",
      "resolved": "https://registry.npmjs.org/@floating-ui/utils/-/utils-0.2.2.tgz",
      "integrity": "sha512-J4yDIIthosAsRZ5CPYP/jQvUAQtlZTTD/4suA08/FEnlxqW3sKS9iAhgsa9VYLZ6vDHn/ixJgIqRQPotoBjxIw==",
      "dev": true
    },
    "node_modules/@stencil/core": {
      "version": "2.22.3",
      "resolved": "https://registry.npmjs.org/@stencil/core/-/core-2.22.3.tgz",
      "integrity": "sha512-kmVA0M/HojwsfkeHsifvHVIYe4l5tin7J5+DLgtl8h6WWfiMClND5K3ifCXXI2ETDNKiEk21p6jql3Fx9o2rng==",
      "bin": {
        "stencil": "bin/stencil"
      },
      "engines": {
        "node": ">=12.10.0",
        "npm": ">=6.0.0"
      }
    },
    "node_modules/@stencil/sass": {
      "version": "2.0.4",
      "resolved": "https://registry.npmjs.org/@stencil/sass/-/sass-2.0.4.tgz",
      "integrity": "sha512-tq+ZgJ9ynmag+e21cYmA6+YYJxBJapxjf94eL+uysxY78dM1801ydAhnT+64S5UnX8Jh+22uAuTY2bEYDBPUww==",
      "dev": true,
      "peerDependencies": {
        "@stencil/core": ">=2.0.0 || >=3.0.0-beta.0"
      }
    },
    "node_modules/@stencil/store": {
      "version": "2.0.5",
      "resolved": "https://registry.npmjs.org/@stencil/store/-/store-2.0.5.tgz",
      "integrity": "sha512-5X6/GREyC30NmKCPn0oGENmVmvCb8pZZL81JR4dpS/0DM/+Z4YQZE8V+SOdJcwpkjqtUMOzPfxTnOCVr0n6Dog==",
      "dev": true,
      "peerDependencies": {
        "@stencil/core": ">=2.0.0 || >=3.0.0"
      }
    },
    "node_modules/@types/color": {
      "version": "3.0.6",
      "resolved": "https://registry.npmjs.org/@types/color/-/color-3.0.6.tgz",
      "integrity": "sha512-NMiNcZFRUAiUUCCf7zkAelY8eV3aKqfbzyFQlXpPIEeoNDbsEHGpb854V3gzTsGKYj830I5zPuOwU/TP5/cW6A==",
      "dev": true,
      "dependencies": {
        "@types/color-convert": "*"
      }
    },
    "node_modules/@types/color-convert": {
      "version": "2.0.3",
      "resolved": "https://registry.npmjs.org/@types/color-convert/-/color-convert-2.0.3.tgz",
      "integrity": "sha512-2Q6wzrNiuEvYxVQqhh7sXM2mhIhvZR/Paq4FdsQkOMgWsCIkKvSGj8Le1/XalulrmgOzPMqNa0ix+ePY4hTrfg==",
      "dev": true,
      "dependencies": {
        "@types/color-name": "*"
      }
    },
    "node_modules/@types/color-name": {
      "version": "1.1.4",
      "resolved": "https://registry.npmjs.org/@types/color-name/-/color-name-1.1.4.tgz",
      "integrity": "sha512-hulKeREDdLFesGQjl96+4aoJSHY5b2GRjagzzcqCfIrWhe5vkCqIvrLbqzBaI1q94Vg8DNJZZqTR5ocdWmWclg==",
      "dev": true
    },
    "node_modules/@types/node": {
      "version": "18.15.11",
      "resolved": "https://registry.npmjs.org/@types/node/-/node-18.15.11.tgz",
      "integrity": "sha512-E5Kwq2n4SbMzQOn6wnmBjuK9ouqlURrcZDVfbo9ftDDTFt3nk7ZKK4GMOzoYgnpQJKcxwQw+lGaBvvlMo0qN/Q=="
    },
    "node_modules/color": {
      "version": "4.2.3",
      "resolved": "https://registry.npmjs.org/color/-/color-4.2.3.tgz",
      "integrity": "sha512-1rXeuUUiGGrykh+CeBdu5Ie7OJwinCgQY0bc7GCRxy5xVHy+moaqkpL/jqQq0MtQOeYcrqEz4abc5f0KtU7W4A==",
      "dev": true,
      "dependencies": {
        "color-convert": "^2.0.1",
        "color-string": "^1.9.0"
      },
      "engines": {
        "node": ">=12.5.0"
      }
    },
    "node_modules/color-convert": {
      "version": "2.0.1",
      "resolved": "https://registry.npmjs.org/color-convert/-/color-convert-2.0.1.tgz",
      "integrity": "sha512-RRECPsj7iu/xb5oKYcsFHSppFNnsj/52OVTRKb4zP5onXwVF3zVmmToNcOfGC+CRDpfK/U584fMg38ZHCaElKQ==",
      "dev": true,
      "dependencies": {
        "color-name": "~1.1.4"
      },
      "engines": {
        "node": ">=7.0.0"
      }
    },
    "node_modules/color-name": {
      "version": "1.1.4",
      "resolved": "https://registry.npmjs.org/color-name/-/color-name-1.1.4.tgz",
      "integrity": "sha512-dOy+3AuW3a2wNbZHIuMZpTcgjGuLU/uBL/ubcZF9OXbDo8ff4O8yVp5Bf0efS8uEoYo5q4Fx7dY9OgQGXgAsQA==",
      "dev": true
    },
    "node_modules/color-string": {
      "version": "1.9.1",
      "resolved": "https://registry.npmjs.org/color-string/-/color-string-1.9.1.tgz",
      "integrity": "sha512-shrVawQFojnZv6xM40anx4CkoDP+fZsw/ZerEMsW/pyzsRbElpsL/DBVW7q3ExxwusdNXI3lXpuhEZkzs8p5Eg==",
      "dev": true,
      "dependencies": {
        "color-name": "^1.0.0",
        "simple-swizzle": "^0.2.2"
      }
    },
    "node_modules/composed-offset-position": {
      "version": "0.0.4",
      "resolved": "https://registry.npmjs.org/composed-offset-position/-/composed-offset-position-0.0.4.tgz",
      "integrity": "sha512-vMlvu1RuNegVE0YsCDSV/X4X10j56mq7PCIyOKK74FxkXzGLwhOUmdkJLSdOBOMwWycobGUMgft2lp+YgTe8hw==",
      "dev": true
    },
    "node_modules/dayjs": {
      "version": "1.11.10",
      "resolved": "https://registry.npmjs.org/dayjs/-/dayjs-1.11.10.tgz",
      "integrity": "sha512-vjAczensTgRcqDERK0SR2XMwsF/tSvnvlv6VcF2GIhg6Sx4yOIt/irsr1RDJsKiIyBzJDpCoXiWWq28MqH2cnQ==",
      "dev": true
    },
    "node_modules/focus-trap": {
      "version": "7.5.4",
      "resolved": "https://registry.npmjs.org/focus-trap/-/focus-trap-7.5.4.tgz",
      "integrity": "sha512-N7kHdlgsO/v+iD/dMoJKtsSqs5Dz/dXZVebRgJw23LDk+jMi/974zyiOYDziY2JPp8xivq9BmUGwIJMiuSBi7w==",
      "dev": true,
      "dependencies": {
        "tabbable": "^6.2.0"
      }
    },
    "node_modules/is-arrayish": {
      "version": "0.3.2",
      "resolved": "https://registry.npmjs.org/is-arrayish/-/is-arrayish-0.3.2.tgz",
      "integrity": "sha512-eVRqCvVlZbuw3GrM63ovNSNAeA1K16kaR/LRY/92w0zxQ5/1YzwblUX652i4Xs9RwAGjW9d9y6X88t8OaAJfWQ==",
      "dev": true
    },
    "node_modules/lodash-es": {
      "version": "4.17.21",
      "resolved": "https://registry.npmjs.org/lodash-es/-/lodash-es-4.17.21.tgz",
      "integrity": "sha512-mKnC+QJ9pWVzv+C4/U3rRsHapFfHvQFoFB92e52xeyGMcX6/OlIl78je1u8vePzYZSkkogMPJ2yjxxsb89cxyw==",
      "dev": true
    },
    "node_modules/simple-swizzle": {
      "version": "0.2.2",
      "resolved": "https://registry.npmjs.org/simple-swizzle/-/simple-swizzle-0.2.2.tgz",
      "integrity": "sha512-JA//kQgZtbuY83m+xT+tXJkmJncGMTFT+C+g2h2R9uxkYIrE2yy9sgmcLhCnw57/WSD+Eh3J97FPEDFnbXnDUg==",
      "dev": true,
      "dependencies": {
        "is-arrayish": "^0.3.1"
      }
    },
    "node_modules/sortablejs": {
      "version": "1.15.1",
      "resolved": "https://registry.npmjs.org/sortablejs/-/sortablejs-1.15.1.tgz",
      "integrity": "sha512-P5Cjvb0UG1ZVNiDPj/n4V+DinttXG6K8n7vM/HQf0C25K3YKQTQY6fsr/sEGsJGpQ9exmPxluHxKBc0mLKU1lQ==",
      "dev": true
    },
    "node_modules/tabbable": {
      "version": "6.2.0",
      "resolved": "https://registry.npmjs.org/tabbable/-/tabbable-6.2.0.tgz",
      "integrity": "sha512-Cat63mxsVJlzYvN51JmVXIgNoUokrIaT2zLclCXjRd8boZ0004U4KCs/sToJ75C6sdlByWxpYnb5Boif1VSFew==",
      "dev": true
    },
    "node_modules/timezone-groups": {
      "version": "0.8.0",
      "resolved": "https://registry.npmjs.org/timezone-groups/-/timezone-groups-0.8.0.tgz",
      "integrity": "sha512-t7E/9sPfCU0m0ZbS7Cqw52D6CB/UyeaiIBmyJCokI1SyOyOgA/ESiQ/fbreeFaUG9QSenGlZSSk/7rEbkipbOA==",
      "dev": true,
      "bin": {
        "timezone-groups": "dist/cli.cjs"
      }
    }
  },
  "dependencies": {
    "@esri/calcite-components": {
      "version": "2.8.0",
      "resolved": "https://registry.npmjs.org/@esri/calcite-components/-/calcite-components-2.8.0.tgz",
      "integrity": "sha512-lGb+aTnJx7cY98WdOOLdX6zacCwInOHmZ4bibKbuhWpvNa+ZvwzJL7D3ldsc10ENsWCGfGG9IcHPNU3qWkWjWQ==",
      "dev": true,
      "requires": {
        "@floating-ui/dom": "1.6.3",
        "@stencil/core": "4.17.1",
        "@types/color": "3.0.6",
        "color": "4.2.3",
        "composed-offset-position": "0.0.4",
        "dayjs": "1.11.10",
        "focus-trap": "7.5.4",
        "lodash-es": "4.17.21",
        "sortablejs": "1.15.1",
        "timezone-groups": "0.8.0"
      },
      "dependencies": {
        "@stencil/core": {
          "version": "4.17.1",
          "resolved": "https://registry.npmjs.org/@stencil/core/-/core-4.17.1.tgz",
          "integrity": "sha512-nlARe1QtK5abnCG8kPQKJMWiELg39vKabvf3ebm6YEhQA35CgrxC1pVYTsYq3yktJKoY+k+VzGRnATLKyaLbvA==",
          "dev": true
        }
      }
    },
    "@floating-ui/core": {
      "version": "1.6.1",
      "resolved": "https://registry.npmjs.org/@floating-ui/core/-/core-1.6.1.tgz",
      "integrity": "sha512-42UH54oPZHPdRHdw6BgoBD6cg/eVTmVrFcgeRDM3jbO7uxSoipVcmcIGFcA5jmOHO5apcyvBhkSKES3fQJnu7A==",
      "dev": true,
      "requires": {
        "@floating-ui/utils": "^0.2.0"
      }
    },
    "@floating-ui/dom": {
      "version": "1.6.3",
      "resolved": "https://registry.npmjs.org/@floating-ui/dom/-/dom-1.6.3.tgz",
      "integrity": "sha512-RnDthu3mzPlQ31Ss/BTwQ1zjzIhr3lk1gZB1OC56h/1vEtaXkESrOqL5fQVMfXpwGtRwX+YsZBdyHtJMQnkArw==",
      "dev": true,
      "requires": {
        "@floating-ui/core": "^1.0.0",
        "@floating-ui/utils": "^0.2.0"
      }
    },
    "@floating-ui/utils": {
      "version": "0.2.2",
      "resolved": "https://registry.npmjs.org/@floating-ui/utils/-/utils-0.2.2.tgz",
      "integrity": "sha512-J4yDIIthosAsRZ5CPYP/jQvUAQtlZTTD/4suA08/FEnlxqW3sKS9iAhgsa9VYLZ6vDHn/ixJgIqRQPotoBjxIw==",
      "dev": true
    },
    "@stencil/core": {
      "version": "2.22.3",
      "resolved": "https://registry.npmjs.org/@stencil/core/-/core-2.22.3.tgz",
      "integrity": "sha512-kmVA0M/HojwsfkeHsifvHVIYe4l5tin7J5+DLgtl8h6WWfiMClND5K3ifCXXI2ETDNKiEk21p6jql3Fx9o2rng=="
    },
    "@stencil/sass": {
      "version": "2.0.4",
      "resolved": "https://registry.npmjs.org/@stencil/sass/-/sass-2.0.4.tgz",
      "integrity": "sha512-tq+ZgJ9ynmag+e21cYmA6+YYJxBJapxjf94eL+uysxY78dM1801ydAhnT+64S5UnX8Jh+22uAuTY2bEYDBPUww==",
      "dev": true,
      "requires": {}
    },
    "@stencil/store": {
      "version": "2.0.5",
      "resolved": "https://registry.npmjs.org/@stencil/store/-/store-2.0.5.tgz",
      "integrity": "sha512-5X6/GREyC30NmKCPn0oGENmVmvCb8pZZL81JR4dpS/0DM/+Z4YQZE8V+SOdJcwpkjqtUMOzPfxTnOCVr0n6Dog==",
      "dev": true,
      "requires": {}
    },
    "@types/color": {
      "version": "3.0.6",
      "resolved": "https://registry.npmjs.org/@types/color/-/color-3.0.6.tgz",
      "integrity": "sha512-NMiNcZFRUAiUUCCf7zkAelY8eV3aKqfbzyFQlXpPIEeoNDbsEHGpb854V3gzTsGKYj830I5zPuOwU/TP5/cW6A==",
      "dev": true,
      "requires": {
        "@types/color-convert": "*"
      }
    },
    "@types/color-convert": {
      "version": "2.0.3",
      "resolved": "https://registry.npmjs.org/@types/color-convert/-/color-convert-2.0.3.tgz",
      "integrity": "sha512-2Q6wzrNiuEvYxVQqhh7sXM2mhIhvZR/Paq4FdsQkOMgWsCIkKvSGj8Le1/XalulrmgOzPMqNa0ix+ePY4hTrfg==",
      "dev": true,
      "requires": {
        "@types/color-name": "*"
      }
    },
    "@types/color-name": {
      "version": "1.1.4",
      "resolved": "https://registry.npmjs.org/@types/color-name/-/color-name-1.1.4.tgz",
      "integrity": "sha512-hulKeREDdLFesGQjl96+4aoJSHY5b2GRjagzzcqCfIrWhe5vkCqIvrLbqzBaI1q94Vg8DNJZZqTR5ocdWmWclg==",
      "dev": true
    },
    "@types/node": {
      "version": "18.15.11",
      "resolved": "https://registry.npmjs.org/@types/node/-/node-18.15.11.tgz",
      "integrity": "sha512-E5Kwq2n4SbMzQOn6wnmBjuK9ouqlURrcZDVfbo9ftDDTFt3nk7ZKK4GMOzoYgnpQJKcxwQw+lGaBvvlMo0qN/Q=="
    },
    "color": {
      "version": "4.2.3",
      "resolved": "https://registry.npmjs.org/color/-/color-4.2.3.tgz",
      "integrity": "sha512-1rXeuUUiGGrykh+CeBdu5Ie7OJwinCgQY0bc7GCRxy5xVHy+moaqkpL/jqQq0MtQOeYcrqEz4abc5f0KtU7W4A==",
      "dev": true,
      "requires": {
        "color-convert": "^2.0.1",
        "color-string": "^1.9.0"
      }
    },
    "color-convert": {
      "version": "2.0.1",
      "resolved": "https://registry.npmjs.org/color-convert/-/color-convert-2.0.1.tgz",
      "integrity": "sha512-RRECPsj7iu/xb5oKYcsFHSppFNnsj/52OVTRKb4zP5onXwVF3zVmmToNcOfGC+CRDpfK/U584fMg38ZHCaElKQ==",
      "dev": true,
      "requires": {
        "color-name": "~1.1.4"
      }
    },
    "color-name": {
      "version": "1.1.4",
      "resolved": "https://registry.npmjs.org/color-name/-/color-name-1.1.4.tgz",
      "integrity": "sha512-dOy+3AuW3a2wNbZHIuMZpTcgjGuLU/uBL/ubcZF9OXbDo8ff4O8yVp5Bf0efS8uEoYo5q4Fx7dY9OgQGXgAsQA==",
      "dev": true
    },
    "color-string": {
      "version": "1.9.1",
      "resolved": "https://registry.npmjs.org/color-string/-/color-string-1.9.1.tgz",
      "integrity": "sha512-shrVawQFojnZv6xM40anx4CkoDP+fZsw/ZerEMsW/pyzsRbElpsL/DBVW7q3ExxwusdNXI3lXpuhEZkzs8p5Eg==",
      "dev": true,
      "requires": {
        "color-name": "^1.0.0",
        "simple-swizzle": "^0.2.2"
      }
    },
    "composed-offset-position": {
      "version": "0.0.4",
      "resolved": "https://registry.npmjs.org/composed-offset-position/-/composed-offset-position-0.0.4.tgz",
      "integrity": "sha512-vMlvu1RuNegVE0YsCDSV/X4X10j56mq7PCIyOKK74FxkXzGLwhOUmdkJLSdOBOMwWycobGUMgft2lp+YgTe8hw==",
      "dev": true
    },
    "dayjs": {
      "version": "1.11.10",
      "resolved": "https://registry.npmjs.org/dayjs/-/dayjs-1.11.10.tgz",
      "integrity": "sha512-vjAczensTgRcqDERK0SR2XMwsF/tSvnvlv6VcF2GIhg6Sx4yOIt/irsr1RDJsKiIyBzJDpCoXiWWq28MqH2cnQ==",
      "dev": true
    },
    "focus-trap": {
      "version": "7.5.4",
      "resolved": "https://registry.npmjs.org/focus-trap/-/focus-trap-7.5.4.tgz",
      "integrity": "sha512-N7kHdlgsO/v+iD/dMoJKtsSqs5Dz/dXZVebRgJw23LDk+jMi/974zyiOYDziY2JPp8xivq9BmUGwIJMiuSBi7w==",
      "dev": true,
      "requires": {
        "tabbable": "^6.2.0"
      }
    },
    "is-arrayish": {
      "version": "0.3.2",
      "resolved": "https://registry.npmjs.org/is-arrayish/-/is-arrayish-0.3.2.tgz",
      "integrity": "sha512-eVRqCvVlZbuw3GrM63ovNSNAeA1K16kaR/LRY/92w0zxQ5/1YzwblUX652i4Xs9RwAGjW9d9y6X88t8OaAJfWQ==",
      "dev": true
    },
    "lodash-es": {
      "version": "4.17.21",
      "resolved": "https://registry.npmjs.org/lodash-es/-/lodash-es-4.17.21.tgz",
      "integrity": "sha512-mKnC+QJ9pWVzv+C4/U3rRsHapFfHvQFoFB92e52xeyGMcX6/OlIl78je1u8vePzYZSkkogMPJ2yjxxsb89cxyw==",
      "dev": true
    },
    "simple-swizzle": {
      "version": "0.2.2",
      "resolved": "https://registry.npmjs.org/simple-swizzle/-/simple-swizzle-0.2.2.tgz",
      "integrity": "sha512-JA//kQgZtbuY83m+xT+tXJkmJncGMTFT+C+g2h2R9uxkYIrE2yy9sgmcLhCnw57/WSD+Eh3J97FPEDFnbXnDUg==",
      "dev": true,
      "requires": {
        "is-arrayish": "^0.3.1"
      }
    },
    "sortablejs": {
      "version": "1.15.1",
      "resolved": "https://registry.npmjs.org/sortablejs/-/sortablejs-1.15.1.tgz",
      "integrity": "sha512-P5Cjvb0UG1ZVNiDPj/n4V+DinttXG6K8n7vM/HQf0C25K3YKQTQY6fsr/sEGsJGpQ9exmPxluHxKBc0mLKU1lQ==",
      "dev": true
    },
    "tabbable": {
      "version": "6.2.0",
      "resolved": "https://registry.npmjs.org/tabbable/-/tabbable-6.2.0.tgz",
      "integrity": "sha512-Cat63mxsVJlzYvN51JmVXIgNoUokrIaT2zLclCXjRd8boZ0004U4KCs/sToJ75C6sdlByWxpYnb5Boif1VSFew==",
      "dev": true
    },
    "timezone-groups": {
      "version": "0.8.0",
      "resolved": "https://registry.npmjs.org/timezone-groups/-/timezone-groups-0.8.0.tgz",
      "integrity": "sha512-t7E/9sPfCU0m0ZbS7Cqw52D6CB/UyeaiIBmyJCokI1SyOyOgA/ESiQ/fbreeFaUG9QSenGlZSSk/7rEbkipbOA==",
      "dev": true
    }
  }
}
